// !$*UTF8*$!
{
	archiveVersion = 1;
	classes = {
	};
	objectVersion = 46;
	objects = {

/* Begin PBXBuildFile section */
		323B3BDF1CB3852400A6F579 /* main.m in Sources */ = {isa = PBXBuildFile; fileRef = 323B3BDE1CB3852400A6F579 /* main.m */; };
		323B3BE21CB3852400A6F579 /* AppDelegate.m in Sources */ = {isa = PBXBuildFile; fileRef = 323B3BE11CB3852400A6F579 /* AppDelegate.m */; };
		323B3BE51CB3852400A6F579 /* MasterViewController.m in Sources */ = {isa = PBXBuildFile; fileRef = 323B3BE41CB3852400A6F579 /* MasterViewController.m */; };
		323B3BE81CB3852400A6F579 /* DetailViewController.m in Sources */ = {isa = PBXBuildFile; fileRef = 323B3BE71CB3852400A6F579 /* DetailViewController.m */; };
		323B3BEB1CB3852400A6F579 /* Main.storyboard in Resources */ = {isa = PBXBuildFile; fileRef = 323B3BE91CB3852400A6F579 /* Main.storyboard */; };
		323B3BED1CB3852400A6F579 /* Assets.xcassets in Resources */ = {isa = PBXBuildFile; fileRef = 323B3BEC1CB3852400A6F579 /* Assets.xcassets */; };
		323B3BF01CB3852400A6F579 /* LaunchScreen.storyboard in Resources */ = {isa = PBXBuildFile; fileRef = 323B3BEE1CB3852400A6F579 /* LaunchScreen.storyboard */; };
		323B3C061CB38B2500A6F579 /* AFHTTPSessionManager.m in Sources */ = {isa = PBXBuildFile; fileRef = 323B3BFA1CB38B2500A6F579 /* AFHTTPSessionManager.m */; };
		323B3C071CB38B2500A6F579 /* AFNetworkReachabilityManager.m in Sources */ = {isa = PBXBuildFile; fileRef = 323B3BFD1CB38B2500A6F579 /* AFNetworkReachabilityManager.m */; };
		323B3C081CB38B2500A6F579 /* AFSecurityPolicy.m in Sources */ = {isa = PBXBuildFile; fileRef = 323B3BFF1CB38B2500A6F579 /* AFSecurityPolicy.m */; };
		323B3C091CB38B2500A6F579 /* AFURLRequestSerialization.m in Sources */ = {isa = PBXBuildFile; fileRef = 323B3C011CB38B2500A6F579 /* AFURLRequestSerialization.m */; };
		323B3C0A1CB38B2500A6F579 /* AFURLResponseSerialization.m in Sources */ = {isa = PBXBuildFile; fileRef = 323B3C031CB38B2500A6F579 /* AFURLResponseSerialization.m */; };
		323B3C0B1CB38B2500A6F579 /* AFURLSessionManager.m in Sources */ = {isa = PBXBuildFile; fileRef = 323B3C051CB38B2500A6F579 /* AFURLSessionManager.m */; };
		323B3C0E1CB38FAA00A6F579 /* MBProgressHUD.m in Sources */ = {isa = PBXBuildFile; fileRef = 323B3C0D1CB38FAA00A6F579 /* MBProgressHUD.m */; };
		32C363941CB3FF3B0086C58D /* Info.plist in Resources */ = {isa = PBXBuildFile; fileRef = 323B3BF11CB3852400A6F579 /* Info.plist */; };
		32C363971CB403500086C58D /* LongForm.m in Sources */ = {isa = PBXBuildFile; fileRef = 32C363961CB403500086C58D /* LongForm.m */; };
/* End PBXBuildFile section */

/* Begin PBXFileReference section */
		323B3BDA1CB3852400A6F579 /* Acronyms.app */ = {isa = PBXFileReference; explicitFileType = wrapper.application; includeInIndex = 0; path = Acronyms.app; sourceTree = BUILT_PRODUCTS_DIR; };
		323B3BDE1CB3852400A6F579 /* main.m */ = {isa = PBXFileReference; lastKnownFileType = sourcecode.c.objc; path = main.m; sourceTree = "<group>"; };
		323B3BE01CB3852400A6F579 /* AppDelegate.h */ = {isa = PBXFileReference; lastKnownFileType = sourcecode.c.h; path = AppDelegate.h; sourceTree = "<group>"; };
		323B3BE11CB3852400A6F579 /* AppDelegate.m */ = {isa = PBXFileReference; lastKnownFileType = sourcecode.c.objc; path = AppDelegate.m; sourceTree = "<group>"; };
		323B3BE31CB3852400A6F579 /* MasterViewController.h */ = {isa = PBXFileReference; lastKnownFileType = sourcecode.c.h; path = MasterViewController.h; sourceTree = "<group>"; };
		323B3BE41CB3852400A6F579 /* MasterViewController.m */ = {isa = PBXFileReference; lastKnownFileType = sourcecode.c.objc; path = MasterViewController.m; sourceTree = "<group>"; };
		323B3BE61CB3852400A6F579 /* DetailViewController.h */ = {isa = PBXFileReference; lastKnownFileType = sourcecode.c.h; path = DetailViewController.h; sourceTree = "<group>"; };
		323B3BE71CB3852400A6F579 /* DetailViewController.m */ = {isa = PBXFileReference; lastKnownFileType = sourcecode.c.objc; path = DetailViewController.m; sourceTree = "<group>"; };
		323B3BEA1CB3852400A6F579 /* Base */ = {isa = PBXFileReference; lastKnownFileType = file.storyboard; name = Base; path = Base.lproj/Main.storyboard; sourceTree = "<group>"; };
		323B3BEC1CB3852400A6F579 /* Assets.xcassets */ = {isa = PBXFileReference; lastKnownFileType = folder.assetcatalog; path = Assets.xcassets; sourceTree = "<group>"; };
		323B3BEF1CB3852400A6F579 /* Base */ = {isa = PBXFileReference; lastKnownFileType = file.storyboard; name = Base; path = Base.lproj/LaunchScreen.storyboard; sourceTree = "<group>"; };
		323B3BF11CB3852400A6F579 /* Info.plist */ = {isa = PBXFileReference; lastKnownFileType = text.plist.xml; path = Info.plist; sourceTree = "<group>"; };
		323B3BF91CB38B2500A6F579 /* AFHTTPSessionManager.h */ = {isa = PBXFileReference; fileEncoding = 4; lastKnownFileType = sourcecode.c.h; path = AFHTTPSessionManager.h; sourceTree = "<group>"; };
		323B3BFA1CB38B2500A6F579 /* AFHTTPSessionManager.m */ = {isa = PBXFileReference; fileEncoding = 4; lastKnownFileType = sourcecode.c.objc; path = AFHTTPSessionManager.m; sourceTree = "<group>"; };
		323B3BFB1CB38B2500A6F579 /* AFNetworking.h */ = {isa = PBXFileReference; fileEncoding = 4; lastKnownFileType = sourcecode.c.h; path = AFNetworking.h; sourceTree = "<group>"; };
		323B3BFC1CB38B2500A6F579 /* AFNetworkReachabilityManager.h */ = {isa = PBXFileReference; fileEncoding = 4; lastKnownFileType = sourcecode.c.h; path = AFNetworkReachabilityManager.h; sourceTree = "<group>"; };
		323B3BFD1CB38B2500A6F579 /* AFNetworkReachabilityManager.m */ = {isa = PBXFileReference; fileEncoding = 4; lastKnownFileType = sourcecode.c.objc; path = AFNetworkReachabilityManager.m; sourceTree = "<group>"; };
		323B3BFE1CB38B2500A6F579 /* AFSecurityPolicy.h */ = {isa = PBXFileReference; fileEncoding = 4; lastKnownFileType = sourcecode.c.h; path = AFSecurityPolicy.h; sourceTree = "<group>"; };
		323B3BFF1CB38B2500A6F579 /* AFSecurityPolicy.m */ = {isa = PBXFileReference; fileEncoding = 4; lastKnownFileType = sourcecode.c.objc; path = AFSecurityPolicy.m; sourceTree = "<group>"; };
		323B3C001CB38B2500A6F579 /* AFURLRequestSerialization.h */ = {isa = PBXFileReference; fileEncoding = 4; lastKnownFileType = sourcecode.c.h; path = AFURLRequestSerialization.h; sourceTree = "<group>"; };
		323B3C011CB38B2500A6F579 /* AFURLRequestSerialization.m */ = {isa = PBXFileReference; fileEncoding = 4; lastKnownFileType = sourcecode.c.objc; path = AFURLRequestSerialization.m; sourceTree = "<group>"; };
		323B3C021CB38B2500A6F579 /* AFURLResponseSerialization.h */ = {isa = PBXFileReference; fileEncoding = 4; lastKnownFileType = sourcecode.c.h; path = AFURLResponseSerialization.h; sourceTree = "<group>"; };
		323B3C031CB38B2500A6F579 /* AFURLResponseSerialization.m */ = {isa = PBXFileReference; fileEncoding = 4; lastKnownFileType = sourcecode.c.objc; path = AFURLResponseSerialization.m; sourceTree = "<group>"; };
		323B3C041CB38B2500A6F579 /* AFURLSessionManager.h */ = {isa = PBXFileReference; fileEncoding = 4; lastKnownFileType = sourcecode.c.h; path = AFURLSessionManager.h; sourceTree = "<group>"; };
		323B3C051CB38B2500A6F579 /* AFURLSessionManager.m */ = {isa = PBXFileReference; fileEncoding = 4; lastKnownFileType = sourcecode.c.objc; path = AFURLSessionManager.m; sourceTree = "<group>"; };
		323B3C0C1CB38FAA00A6F579 /* MBProgressHUD.h */ = {isa = PBXFileReference; fileEncoding = 4; lastKnownFileType = sourcecode.c.h; path = MBProgressHUD.h; sourceTree = "<group>"; };
		323B3C0D1CB38FAA00A6F579 /* MBProgressHUD.m */ = {isa = PBXFileReference; fileEncoding = 4; lastKnownFileType = sourcecode.c.objc; path = MBProgressHUD.m; sourceTree = "<group>"; };
		32C363951CB403500086C58D /* LongForm.h */ = {isa = PBXFileReference; fileEncoding = 4; lastKnownFileType = sourcecode.c.h; path = LongForm.h; sourceTree = "<group>"; };
		32C363961CB403500086C58D /* LongForm.m */ = {isa = PBXFileReference; fileEncoding = 4; lastKnownFileType = sourcecode.c.objc; path = LongForm.m; sourceTree = "<group>"; };
/* End PBXFileReference section */

/* Begin PBXFrameworksBuildPhase section */
		323B3BD71CB3852400A6F579 /* Frameworks */ = {
			isa = PBXFrameworksBuildPhase;
			buildActionMask = 2147483647;
			files = (
			);
			runOnlyForDeploymentPostprocessing = 0;
		};
/* End PBXFrameworksBuildPhase section */

/* Begin PBXGroup section */
		323B3BD11CB3852400A6F579 = {
			isa = PBXGroup;
			children = (
				323B3BDC1CB3852400A6F579 /* Acronyms */,
				323B3BDB1CB3852400A6F579 /* Products */,
			);
			sourceTree = "<group>";
		};
		323B3BDB1CB3852400A6F579 /* Products */ = {
			isa = PBXGroup;
			children = (
				323B3BDA1CB3852400A6F579 /* Acronyms.app */,
			);
			name = Products;
			sourceTree = "<group>";
		};
		323B3BDC1CB3852400A6F579 /* Acronyms */ = {
			isa = PBXGroup;
			children = (
				323B3BF71CB38B1100A6F579 /* Vendor */,
				323B3BE01CB3852400A6F579 /* AppDelegate.h */,
				323B3BE11CB3852400A6F579 /* AppDelegate.m */,
				323B3BE31CB3852400A6F579 /* MasterViewController.h */,
				323B3BE41CB3852400A6F579 /* MasterViewController.m */,
				323B3BE61CB3852400A6F579 /* DetailViewController.h */,
				323B3BE71CB3852400A6F579 /* DetailViewController.m */,
				323B3BE91CB3852400A6F579 /* Main.storyboard */,
				323B3BEC1CB3852400A6F579 /* Assets.xcassets */,
				323B3BEE1CB3852400A6F579 /* LaunchScreen.storyboard */,
				323B3BF11CB3852400A6F579 /* Info.plist */,
				323B3BDD1CB3852400A6F579 /* Supporting Files */,
				32C363951CB403500086C58D /* LongForm.h */,
				32C363961CB403500086C58D /* LongForm.m */,
			);
			path = Acronyms;
			sourceTree = "<group>";
		};
		323B3BDD1CB3852400A6F579 /* Supporting Files */ = {
			isa = PBXGroup;
			children = (
				323B3BDE1CB3852400A6F579 /* main.m */,
			);
			name = "Supporting Files";
			sourceTree = "<group>";
		};
		323B3BF71CB38B1100A6F579 /* Vendor */ = {
			isa = PBXGroup;
			children = (
				323B3C0F1CB38FAF00A6F579 /* MBProgressHUD */,
				323B3BF81CB38B2500A6F579 /* AFNetworking */,
			);
			name = Vendor;
			sourceTree = "<group>";
		};
		323B3BF81CB38B2500A6F579 /* AFNetworking */ = {
			isa = PBXGroup;
			children = (
				323B3BF91CB38B2500A6F579 /* AFHTTPSessionManager.h */,
				323B3BFA1CB38B2500A6F579 /* AFHTTPSessionManager.m */,
				323B3BFB1CB38B2500A6F579 /* AFNetworking.h */,
				323B3BFC1CB38B2500A6F579 /* AFNetworkReachabilityManager.h */,
				323B3BFD1CB38B2500A6F579 /* AFNetworkReachabilityManager.m */,
				323B3BFE1CB38B2500A6F579 /* AFSecurityPolicy.h */,
				323B3BFF1CB38B2500A6F579 /* AFSecurityPolicy.m */,
				323B3C001CB38B2500A6F579 /* AFURLRequestSerialization.h */,
				323B3C011CB38B2500A6F579 /* AFURLRequestSerialization.m */,
				323B3C021CB38B2500A6F579 /* AFURLResponseSerialization.h */,
				323B3C031CB38B2500A6F579 /* AFURLResponseSerialization.m */,
				323B3C041CB38B2500A6F579 /* AFURLSessionManager.h */,
				323B3C051CB38B2500A6F579 /* AFURLSessionManager.m */,
			);
			path = AFNetworking;
			sourceTree = "<group>";
		};
		323B3C0F1CB38FAF00A6F579 /* MBProgressHUD */ = {
			isa = PBXGroup;
			children = (
				323B3C0C1CB38FAA00A6F579 /* MBProgressHUD.h */,
				323B3C0D1CB38FAA00A6F579 /* MBProgressHUD.m */,
			);
			name = MBProgressHUD;
			sourceTree = "<group>";
		};
/* End PBXGroup section */

/* Begin PBXNativeTarget section */
		323B3BD91CB3852400A6F579 /* Acronyms */ = {
			isa = PBXNativeTarget;
			buildConfigurationList = 323B3BF41CB3852400A6F579 /* Build configuration list for PBXNativeTarget "Acronyms" */;
			buildPhases = (
				323B3BD61CB3852400A6F579 /* Sources */,
				323B3BD71CB3852400A6F579 /* Frameworks */,
				323B3BD81CB3852400A6F579 /* Resources */,
			);
			buildRules = (
			);
			dependencies = (
			);
			name = Acronyms;
			productName = Acronyms;
			productReference = 323B3BDA1CB3852400A6F579 /* Acronyms.app */;
			productType = "com.apple.product-type.application";
		};
/* End PBXNativeTarget section */

/* Begin PBXProject section */
		323B3BD21CB3852400A6F579 /* Project object */ = {
			isa = PBXProject;
			attributes = {
				LastUpgradeCheck = 0720;
				ORGANIZATIONNAME = "Manu Sharma";
				TargetAttributes = {
					323B3BD91CB3852400A6F579 = {
						CreatedOnToolsVersion = 7.2.1;
					};
				};
			};
			buildConfigurationList = 323B3BD51CB3852400A6F579 /* Build configuration list for PBXProject "Acronyms" */;
			compatibilityVersion = "Xcode 3.2";
			developmentRegion = English;
			hasScannedForEncodings = 0;
			knownRegions = (
				en,
				Base,
			);
			mainGroup = 323B3BD11CB3852400A6F579;
			productRefGroup = 323B3BDB1CB3852400A6F579 /* Products */;
			projectDirPath = "";
			projectRoot = "";
			targets = (
				323B3BD91CB3852400A6F579 /* Acronyms */,
			);
		};
/* End PBXProject section */

/* Begin PBXResourcesBuildPhase section */
		323B3BD81CB3852400A6F579 /* Resources */ = {
			isa = PBXResourcesBuildPhase;
			buildActionMask = 2147483647;
			files = (
				32C363941CB3FF3B0086C58D /* Info.plist in Resources */,
				323B3BF01CB3852400A6F579 /* LaunchScreen.storyboard in Resources */,
				323B3BED1CB3852400A6F579 /* Assets.xcassets in Resources */,
				323B3BEB1CB3852400A6F579 /* Main.storyboard in Resources */,
			);
			runOnlyForDeploymentPostprocessing = 0;
		};
/* End PBXResourcesBuildPhase section */

/* Begin PBXSourcesBuildPhase section */
		323B3BD61CB3852400A6F579 /* Sources */ = {
			isa = PBXSourcesBuildPhase;
			buildActionMask = 2147483647;
			files = (
				323B3C081CB38B2500A6F579 /* AFSecurityPolicy.m in Sources */,
				32C363971CB403500086C58D /* LongForm.m in Sources */,
				323B3C0A1CB38B2500A6F579 /* AFURLResponseSerialization.m in Sources */,
				323B3BE21CB3852400A6F579 /* AppDelegate.m in Sources */,
				323B3BE51CB3852400A6F579 /* MasterViewController.m in Sources */,
				323B3C0E1CB38FAA00A6F579 /* MBProgressHUD.m in Sources */,
				323B3C061CB38B2500A6F579 /* AFHTTPSessionManager.m in Sources */,
				323B3C0B1CB38B2500A6F579 /* AFURLSessionManager.m in Sources */,
				323B3BDF1CB3852400A6F579 /* main.m in Sources */,
				323B3C071CB38B2500A6F579 /* AFNetworkReachabilityManager.m in Sources */,
				323B3BE81CB3852400A6F579 /* DetailViewController.m in Sources */,
				323B3C091CB38B2500A6F579 /* AFURLRequestSerialization.m in Sources */,
			);
			runOnlyForDeploymentPostprocessing = 0;
		};
/* End PBXSourcesBuildPhase section */

/* Begin PBXVariantGroup section */
		323B3BE91CB3852400A6F579 /* Main.storyboard */ = {
			isa = PBXVariantGroup;
			children = (
				323B3BEA1CB3852400A6F579 /* Base */,
			);
			name = Main.storyboard;
			sourceTree = "<group>";
		};
		323B3BEE1CB3852400A6F579 /* LaunchScreen.storyboard */ = {
			isa = PBXVariantGroup;
			children = (
				323B3BEF1CB3852400A6F579 /* Base */,
			);
			name = LaunchScreen.storyboard;
			sourceTree = "<group>";
		};
/* End PBXVariantGroup section */

/* Begin XCBuildConfiguration section */
		323B3BF21CB3852400A6F579 /* Debug */ = {
			isa = XCBuildConfiguration;
			buildSettings = {
				ALWAYS_SEARCH_USER_PATHS = NO;
				CLANG_CXX_LANGUAGE_STANDARD = "gnu++0x";
				CLANG_CXX_LIBRARY = "libc++";
				CLANG_ENABLE_MODULES = YES;
				CLANG_ENABLE_OBJC_ARC = YES;
				CLANG_WARN_BOOL_CONVERSION = YES;
				CLANG_WARN_CONSTANT_CONVERSION = YES;
				CLANG_WARN_DIRECT_OBJC_ISA_USAGE = YES_ERROR;
				CLANG_WARN_EMPTY_BODY = YES;
				CLANG_WARN_ENUM_CONVERSION = YES;
				CLANG_WARN_INT_CONVERSION = YES;
				CLANG_WARN_OBJC_ROOT_CLASS = YES_ERROR;
				CLANG_WARN_UNREACHABLE_CODE = YES;
				CLANG_WARN__DUPLICATE_METHOD_MATCH = YES;
				"CODE_SIGN_IDENTITY[sdk=iphoneos*]" = "iPhone Developer";
				COPY_PHASE_STRIP = NO;
				DEBUG_INFORMATION_FORMAT = dwarf;
				ENABLE_STRICT_OBJC_MSGSEND = YES;
				ENABLE_TESTABILITY = YES;
				GCC_C_LANGUAGE_STANDARD = gnu99;
				GCC_DYNAMIC_NO_PIC = NO;
				GCC_NO_COMMON_BLOCKS = YES;
				GCC_OPTIMIZATION_LEVEL = 0;
				GCC_PREPROCESSOR_DEFINITIONS = (
					"DEBUG=1",
					"$(inherited)",
				);
				GCC_WARN_64_TO_32_BIT_CONVERSION = YES;
				GCC_WARN_ABOUT_RETURN_TYPE = YES_ERROR;
				GCC_WARN_UNDECLARED_SELECTOR = YES;
				GCC_WARN_UNINITIALIZED_AUTOS = YES_AGGRESSIVE;
				GCC_WARN_UNUSED_FUNCTION = YES;
				GCC_WARN_UNUSED_VARIABLE = YES;
				IPHONEOS_DEPLOYMENT_TARGET = 9.2;
				MTL_ENABLE_DEBUG_INFO = YES;
				ONLY_ACTIVE_ARCH = YES;
				SDKROOT = iphoneos;
				TARGETED_DEVICE_FAMILY = "1,2";
			};
			name = Debug;
		};
		323B3BF31CB3852400A6F579 /* Release */ = {
			isa = XCBuildConfiguration;
			buildSettings = {
				ALWAYS_SEARCH_USER_PATHS = NO;
				CLANG_CXX_LANGUAGE_STANDARD = "gnu++0x";
				CLANG_CXX_LIBRARY = "libc++";
				CLANG_ENABLE_MODULES = YES;
				CLANG_ENABLE_OBJC_ARC = YES;
				CLANG_WARN_BOOL_CONVERSION = YES;
				CLANG_WARN_CONSTANT_CONVERSION = YES;
				CLANG_WARN_DIRECT_OBJC_ISA_USAGE = YES_ERROR;
				CLANG_WARN_EMPTY_BODY = YES;
				CLANG_WARN_ENUM_CONVERSION = YES;
				CLANG_WARN_INT_CONVERSION = YES;
				CLANG_WARN_OBJC_ROOT_CLASS = YES_ERROR;
				CLANG_WARN_UNREACHABLE_CODE = YES;
				CLANG_WARN__DUPLICATE_METHOD_MATCH = YES;
				"CODE_SIGN_IDENTITY[sdk=iphoneos*]" = "iPhone Developer";
				COPY_PHASE_STRIP = NO;
				DEBUG_INFORMATION_FORMAT = "dwarf-with-dsym";
				ENABLE_NS_ASSERTIONS = NO;
				ENABLE_STRICT_OBJC_MSGSEND = YES;
				GCC_C_LANGUAGE_STANDARD = gnu99;
				GCC_NO_COMMON_BLOCKS = YES;
				GCC_WARN_64_TO_32_BIT_CONVERSION = YES;
				GCC_WARN_ABOUT_RETURN_TYPE = YES_ERROR;
				GCC_WARN_UNDECLARED_SELECTOR = YES;
				GCC_WARN_UNINITIALIZED_AUTOS = YES_AGGRESSIVE;
				GCC_WARN_UNUSED_FUNCTION = YES;
				GCC_WARN_UNUSED_VARIABLE = YES;
				IPHONEOS_DEPLOYMENT_TARGET = 9.2;
				MTL_ENABLE_DEBUG_INFO = NO;
				SDKROOT = iphoneos;
				TARGETED_DEVICE_FAMILY = "1,2";
				VALIDATE_PRODUCT = YES;
			};
			name = Release;
		};
		323B3BF51CB3852400A6F579 /* Debug */ = {
			isa = XCBuildConfiguration;
			buildSettings = {
				ASSETCATALOG_COMPILER_APPICON_NAME = AppIcon;
				INFOPLIST_FILE = Acronyms/Info.plist;
				IPHONEOS_DEPLOYMENT_TARGET = 9.0;
				LD_RUNPATH_SEARCH_PATHS = "$(inherited) @executable_path/Frameworks";
				PRODUCT_BUNDLE_IDENTIFIER = MSH.Acronyms;
				PRODUCT_NAME = "$(TARGET_NAME)";
			};
			name = Debug;
		};
		323B3BF61CB3852400A6F579 /* Release */ = {
			isa = XCBuildConfiguration;
			buildSettings = {
				ASSETCATALOG_COMPILER_APPICON_NAME = AppIcon;
				INFOPLIST_FILE = Acronyms/Info.plist;
				IPHONEOS_DEPLOYMENT_TARGET = 9.0;
				LD_RUNPATH_SEARCH_PATHS = "$(inherited) @executable_path/Frameworks";
				PRODUCT_BUNDLE_IDENTIFIER = MSH.Acronyms;
				PRODUCT_NAME = "$(TARGET_NAME)";
			};
			name = Release;
		};
/* End XCBuildConfiguration section */

/* Begin XCConfigurationList section */
		323B3BD51CB3852400A6F579 /* Build configuration list for PBXProject "Acronyms" */ = {
			isa = XCConfigurationList;
			buildConfigurations = (
				323B3BF21CB3852400A6F579 /* Debug */,
				323B3BF31CB3852400A6F579 /* Release */,
			);
			defaultConfigurationIsVisible = 0;
			defaultConfigurationName = Release;
		};
		323B3BF41CB3852400A6F579 /* Build configuration list for PBXNativeTarget "Acronyms" */ = {
			isa = XCConfigurationList;
			buildConfigurations = (
				323B3BF51CB3852400A6F579 /* Debug */,
				323B3BF61CB3852400A6F579 /* Release */,
			);
			defaultConfigurationIsVisible = 0;
			defaultConfigurationName = Release;
		};
/* End XCConfigurationList section */
	};
	rootObject = 323B3BD21CB3852400A6F579 /* Project object */;
}
